
Microsoft Visual Studio Solution File, Format Version 12.00
# Visual Studio Version 16
VisualStudioVersion = 16.0.33423.256
MinimumVisualStudioVersion = 10.0.40219.1
Project("{FAE04EC0-301F-11D3-BF4B-00C04F79EFBC}") = "QRCodeAPI", "QRCodeAPI\QRCodeAPI.csproj", "{3A854B82-5631-4D81-991C-9CF8A966025E}"
EndProject
Global
	GlobalSection(SolutionConfigurationPlatforms) = preSolution
		Debug|Any CPU = Debug|Any CPU
		Release|Any CPU = Release|Any CPU
	EndGlobalSection
	GlobalSection(ProjectConfigurationPlatforms) = postSolution
		{3A854B82-5631-4D81-991C-9CF8A966025E}.Debug|Any CPU.ActiveCfg = Debug|Any CPU
		{3A854B82-5631-4D81-991C-9CF8A966025E}.Debug|Any CPU.Build.0 = Debug|Any CPU
		{3A854B82-5631-4D81-991C-9CF8A966025E}.Release|Any CPU.ActiveCfg = Release|Any CPU
		{3A854B82-5631-4D81-991C-9CF8A966025E}.Release|Any CPU.Build.0 = Release|Any CPU
	EndGlobalSection
	GlobalSection(SolutionProperties) = preSolution
		HideSolutionNode = FALSE
	EndGlobalSection
	GlobalSection(ExtensibilityGlobals) = postSolution
		SolutionGuid = {F256CBC3-772E-4AD8-A4E4-F31C5AB1C5D5}
	EndGlobalSection
EndGlobal
